
Microsoft Visual Studio Solution File, Format Version 12.00
Project("{2150E333-8FDC-42A3-9474-1A3956D46DE8}") = "src", "src", "{8345DC15-8717-40F5-A7EE-DC47AD1992B1}"
EndProject
Project("{2150E333-8FDC-42A3-9474-1A3956D46DE8}") = "tools", "tools", "{87E994E7-E2C4-4985-AAD7-3BA1FC67A334}"
EndProject
Project("{FAE04EC0-301F-11D3-BF4B-00C04F79EFBC}") = "OnlineShop.IdentityServer", "tools\OnlineShop.IdentityServer\OnlineShop.IdentityServer.csproj", "{30C63B31-3126-410E-A384-646C6D9513FD}"
EndProject
Global
	GlobalSection(SolutionConfigurationPlatforms) = preSolution
		Debug|Any CPU = Debug|Any CPU
		Release|Any CPU = Release|Any CPU
	EndGlobalSection
	GlobalSection(NestedProjects) = preSolution
		{30C63B31-3126-410E-A384-646C6D9513FD} = {87E994E7-E2C4-4985-AAD7-3BA1FC67A334}
	EndGlobalSection
	GlobalSection(ProjectConfigurationPlatforms) = postSolution
		{30C63B31-3126-410E-A384-646C6D9513FD}.Debug|Any CPU.ActiveCfg = Debug|Any CPU
		{30C63B31-3126-410E-A384-646C6D9513FD}.Debug|Any CPU.Build.0 = Debug|Any CPU
		{30C63B31-3126-410E-A384-646C6D9513FD}.Release|Any CPU.ActiveCfg = Release|Any CPU
		{30C63B31-3126-410E-A384-646C6D9513FD}.Release|Any CPU.Build.0 = Release|Any CPU
	EndGlobalSection
EndGlobal
