
Microsoft Visual Studio Solution File, Format Version 12.00
Project("{2150E333-8FDC-42A3-9474-1A3956D46DE8}") = "src", "src", "{8345DC15-8717-40F5-A7EE-DC47AD1992B1}"
EndProject
Project("{2150E333-8FDC-42A3-9474-1A3956D46DE8}") = "tools", "tools", "{87E994E7-E2C4-4985-AAD7-3BA1FC67A334}"
EndProject
Project("{FAE04EC0-301F-11D3-BF4B-00C04F79EFBC}") = "OnlineShop.IdentityServer", "tools\OnlineShop.IdentityServer\OnlineShop.IdentityServer.csproj", "{30C63B31-3126-410E-A384-646C6D9513FD}"
EndProject
Project("{2150E333-8FDC-42A3-9474-1A3956D46DE8}") = "services", "services", "{F3A982FC-7A7F-41DF-92B0-F517A4CDCA5B}"
EndProject
Project("{FAE04EC0-301F-11D3-BF4B-00C04F79EFBC}") = "OnlineShop.UserManagementService", "OnlineShop.UserManagementService\OnlineShop.UserManagementService.csproj", "{9D1FC172-6DBA-443C-AA87-3DD818F78CBD}"
EndProject
Project("{2150E333-8FDC-42A3-9474-1A3956D46DE8}") = "libs", "libs", "{CFEE2B75-D513-4DB2-A61C-2AB2FEEE7E66}"
EndProject
Project("{FAE04EC0-301F-11D3-BF4B-00C04F79EFBC}") = "OnlineShop.Library", "OnlineShop.Library\OnlineShop.Library.csproj", "{1A0391F6-8A66-4CFE-9568-B59E9828A47B}"
EndProject
Project("{FAE04EC0-301F-11D3-BF4B-00C04F79EFBC}") = "OnlineShop.ConsoleAppTestApp", "OnlineShop.ConsoleAppTestApp\OnlineShop.ConsoleAppTestApp.csproj", "{D64D3F87-BECE-4769-9F64-7203F1967687}"
EndProject
Global
	GlobalSection(SolutionConfigurationPlatforms) = preSolution
		Debug|Any CPU = Debug|Any CPU
		Release|Any CPU = Release|Any CPU
	EndGlobalSection
	GlobalSection(NestedProjects) = preSolution
		{30C63B31-3126-410E-A384-646C6D9513FD} = {87E994E7-E2C4-4985-AAD7-3BA1FC67A334}
		{9D1FC172-6DBA-443C-AA87-3DD818F78CBD} = {F3A982FC-7A7F-41DF-92B0-F517A4CDCA5B}
		{1A0391F6-8A66-4CFE-9568-B59E9828A47B} = {CFEE2B75-D513-4DB2-A61C-2AB2FEEE7E66}
		{D64D3F87-BECE-4769-9F64-7203F1967687} = {87E994E7-E2C4-4985-AAD7-3BA1FC67A334}
	EndGlobalSection
	GlobalSection(ProjectConfigurationPlatforms) = postSolution
		{30C63B31-3126-410E-A384-646C6D9513FD}.Debug|Any CPU.ActiveCfg = Debug|Any CPU
		{30C63B31-3126-410E-A384-646C6D9513FD}.Debug|Any CPU.Build.0 = Debug|Any CPU
		{30C63B31-3126-410E-A384-646C6D9513FD}.Release|Any CPU.ActiveCfg = Release|Any CPU
		{30C63B31-3126-410E-A384-646C6D9513FD}.Release|Any CPU.Build.0 = Release|Any CPU
		{9D1FC172-6DBA-443C-AA87-3DD818F78CBD}.Debug|Any CPU.ActiveCfg = Debug|Any CPU
		{9D1FC172-6DBA-443C-AA87-3DD818F78CBD}.Debug|Any CPU.Build.0 = Debug|Any CPU
		{9D1FC172-6DBA-443C-AA87-3DD818F78CBD}.Release|Any CPU.ActiveCfg = Release|Any CPU
		{9D1FC172-6DBA-443C-AA87-3DD818F78CBD}.Release|Any CPU.Build.0 = Release|Any CPU
		{1A0391F6-8A66-4CFE-9568-B59E9828A47B}.Debug|Any CPU.ActiveCfg = Debug|Any CPU
		{1A0391F6-8A66-4CFE-9568-B59E9828A47B}.Debug|Any CPU.Build.0 = Debug|Any CPU
		{1A0391F6-8A66-4CFE-9568-B59E9828A47B}.Release|Any CPU.ActiveCfg = Release|Any CPU
		{1A0391F6-8A66-4CFE-9568-B59E9828A47B}.Release|Any CPU.Build.0 = Release|Any CPU
		{D64D3F87-BECE-4769-9F64-7203F1967687}.Debug|Any CPU.ActiveCfg = Debug|Any CPU
		{D64D3F87-BECE-4769-9F64-7203F1967687}.Debug|Any CPU.Build.0 = Debug|Any CPU
		{D64D3F87-BECE-4769-9F64-7203F1967687}.Release|Any CPU.ActiveCfg = Release|Any CPU
		{D64D3F87-BECE-4769-9F64-7203F1967687}.Release|Any CPU.Build.0 = Release|Any CPU
	EndGlobalSection
EndGlobal
